
Microsoft Visual Studio Solution File, Format Version 12.00
# Visual Studio Version 17
VisualStudioVersion = 17.6.33829.357
MinimumVisualStudioVersion = 10.0.40219.1
Project("{FAE04EC0-301F-11D3-BF4B-00C04F79EFBC}") = "RecuperacaoParalela", "RecuperacaoParalela\RecuperacaoParalela.csproj", "{55057439-B857-42E2-AE8F-C0DF16EDC537}"
EndProject
Global
	GlobalSection(SolutionConfigurationPlatforms) = preSolution
		Debug|Any CPU = Debug|Any CPU
		Release|Any CPU = Release|Any CPU
	EndGlobalSection
	GlobalSection(ProjectConfigurationPlatforms) = postSolution
		{55057439-B857-42E2-AE8F-C0DF16EDC537}.Debug|Any CPU.ActiveCfg = Debug|Any CPU
		{55057439-B857-42E2-AE8F-C0DF16EDC537}.Debug|Any CPU.Build.0 = Debug|Any CPU
		{55057439-B857-42E2-AE8F-C0DF16EDC537}.Release|Any CPU.ActiveCfg = Release|Any CPU
		{55057439-B857-42E2-AE8F-C0DF16EDC537}.Release|Any CPU.Build.0 = Release|Any CPU
	EndGlobalSection
	GlobalSection(SolutionProperties) = preSolution
		HideSolutionNode = FALSE
	EndGlobalSection
	GlobalSection(ExtensibilityGlobals) = postSolution
		SolutionGuid = {CCCD0231-8049-4FF2-A405-234730EBD532}
	EndGlobalSection
EndGlobal
